# This file is automatically @generated by Cargo.
# It is not intended for manual editing.
version = 4

[[package]]
name = "dada-fuse"
version = "0.1.0"
dependencies = [
 "libdada",
]

[[package]]
name = "dada-winfsp"
version = "0.1.0"
dependencies = [
 "libdada",
]

[[package]]
name = "dadactl"
version = "0.1.0"
dependencies = [
 "libdada",
]

[[package]]
name = "fsck-dada"
version = "0.1.0"
dependencies = [
 "libdada",
]

[[package]]
name = "libdada"
version = "0.1.0"

[[package]]
name = "mkfs-dada"
version = "0.1.0"
dependencies = [
 "libdada",
]
